
Microsoft Visual Studio Solution File, Format Version 12.00
# Visual Studio 15
VisualStudioVersion = 15.0.28307.421
MinimumVisualStudioVersion = 10.0.40219.1
Project("{FAE04EC0-301F-11D3-BF4B-00C04F79EFBC}") = "PartyInvites", "PartyInvites\PartyInvites.csproj", "{2DBE4FC1-95D2-415D-B41D-C9695DCA32CC}"
EndProject
Global
	GlobalSection(SolutionConfigurationPlatforms) = preSolution
		Debug|Any CPU = Debug|Any CPU
		Release|Any CPU = Release|Any CPU
	EndGlobalSection
	GlobalSection(ProjectConfigurationPlatforms) = postSolution
		{2DBE4FC1-95D2-415D-B41D-C9695DCA32CC}.Debug|Any CPU.ActiveCfg = Debug|Any CPU
		{2DBE4FC1-95D2-415D-B41D-C9695DCA32CC}.Debug|Any CPU.Build.0 = Debug|Any CPU
		{2DBE4FC1-95D2-415D-B41D-C9695DCA32CC}.Release|Any CPU.ActiveCfg = Release|Any CPU
		{2DBE4FC1-95D2-415D-B41D-C9695DCA32CC}.Release|Any CPU.Build.0 = Release|Any CPU
	EndGlobalSection
	GlobalSection(SolutionProperties) = preSolution
		HideSolutionNode = FALSE
	EndGlobalSection
	GlobalSection(ExtensibilityGlobals) = postSolution
		SolutionGuid = {835539D4-FFA8-41CB-A850-DC284D628955}
	EndGlobalSection
EndGlobal
